
Microsoft Visual Studio Solution File, Format Version 12.00
Project("{FAE04EC0-301F-11D3-BF4B-00C04F79EFBC}") = "WpfApplication", "WpfApplication\WpfApplication.csproj", "{1A020887-65B9-400D-8923-CF8B20A43266}"
EndProject
Project("{FAE04EC0-301F-11D3-BF4B-00C04F79EFBC}") = "TestProject1", "TestProject1\TestProject1.csproj", "{D7584C19-9041-486F-9C76-63E7463F06A9}"
EndProject
Global
	GlobalSection(SolutionConfigurationPlatforms) = preSolution
		Debug|Any CPU = Debug|Any CPU
		Release|Any CPU = Release|Any CPU
	EndGlobalSection
	GlobalSection(ProjectConfigurationPlatforms) = postSolution
		{1A020887-65B9-400D-8923-CF8B20A43266}.Debug|Any CPU.ActiveCfg = Debug|Any CPU
		{1A020887-65B9-400D-8923-CF8B20A43266}.Debug|Any CPU.Build.0 = Debug|Any CPU
		{1A020887-65B9-400D-8923-CF8B20A43266}.Release|Any CPU.ActiveCfg = Release|Any CPU
		{1A020887-65B9-400D-8923-CF8B20A43266}.Release|Any CPU.Build.0 = Release|Any CPU
		{D7584C19-9041-486F-9C76-63E7463F06A9}.Debug|Any CPU.ActiveCfg = Debug|Any CPU
		{D7584C19-9041-486F-9C76-63E7463F06A9}.Debug|Any CPU.Build.0 = Debug|Any CPU
		{D7584C19-9041-486F-9C76-63E7463F06A9}.Release|Any CPU.ActiveCfg = Release|Any CPU
		{D7584C19-9041-486F-9C76-63E7463F06A9}.Release|Any CPU.Build.0 = Release|Any CPU
	EndGlobalSection
EndGlobal
